
Microsoft Visual Studio Solution File, Format Version 12.00
# Visual Studio Version 16
VisualStudioVersion = 16.0.29613.14
MinimumVisualStudioVersion = 10.0.40219.1
Project("{FAE04EC0-301F-11D3-BF4B-00C04F79EFBC}") = "1-PrimeiroProjeto", "1-PrimeiroProjeto\1-PrimeiroProjeto.csproj", "{BBBFA91E-0356-4EF3-8095-F39D5B654D42}"
EndProject
Project("{FAE04EC0-301F-11D3-BF4B-00C04F79EFBC}") = "2-CriandoVariaveis", "2-CriandoVariaveis\2-CriandoVariaveis.csproj", "{DE859A44-EBD4-400E-82FB-1250672AA04B}"
EndProject
Project("{FAE04EC0-301F-11D3-BF4B-00C04F79EFBC}") = "3-CriandoVariaveisPontoFlutuante", "3-CriandoVariaveisPontoFlutuante\3-CriandoVariaveisPontoFlutuante.csproj", "{4E4BB1B5-62F7-4F06-A33E-F0A2E30AB07E}"
EndProject
Project("{FAE04EC0-301F-11D3-BF4B-00C04F79EFBC}") = "4-ConversoesEOutrosTiposNumericos", "4-ConversoesEOutrosTiposNumericos\4-ConversoesEOutrosTiposNumericos.csproj", "{62538E6C-7ECC-4EE4-880B-4E36EE19B7F9}"
EndProject
Project("{FAE04EC0-301F-11D3-BF4B-00C04F79EFBC}") = "5-CaracteresETextos", "5-CaracteresETextos\5-CaracteresETextos.csproj", "{3FFF1BAE-AC87-4F2B-B379-485D8A05C14B}"
EndProject
Project("{FAE04EC0-301F-11D3-BF4B-00C04F79EFBC}") = "6-AtribuicoesDeVariaveis", "6-AtribuicoesDeVariaveis\6-AtribuicoesDeVariaveis.csproj", "{2DF548E7-38F7-491A-95C0-EE6D41D9AB49}"
EndProject
Project("{FAE04EC0-301F-11D3-BF4B-00C04F79EFBC}") = "7-Condicionais", "7-Condicionais\7-Condicionais.csproj", "{09ACB20F-0997-44C0-BF1B-5B463B0ADCAF}"
EndProject
Project("{FAE04EC0-301F-11D3-BF4B-00C04F79EFBC}") = "8-Condicionais2", "8-Condicionais2\8-Condicionais2.csproj", "{6DF112C1-57DB-4C80-8303-0AF81C8C1CBF}"
EndProject
Project("{FAE04EC0-301F-11D3-BF4B-00C04F79EFBC}") = "9-Escopo", "9-Escopo\9-Escopo.csproj", "{A5303511-1B7F-4980-A96B-28EB649E5D09}"
EndProject
Project("{FAE04EC0-301F-11D3-BF4B-00C04F79EFBC}") = "P10-CalculaPoupanca", "P10-CalculaPoupanca\P10-CalculaPoupanca.csproj", "{922C436C-F9DF-467D-B7B8-369FDCA0609C}"
EndProject
Project("{FAE04EC0-301F-11D3-BF4B-00C04F79EFBC}") = "P11-CalculaPoupanca2", "P11-CalculaPoupanca2\P11-CalculaPoupanca2.csproj", "{A1BB87DE-125C-4D0F-88B2-D4D381955B6B}"
EndProject
Global
	GlobalSection(SolutionConfigurationPlatforms) = preSolution
		Debug|Any CPU = Debug|Any CPU
		Release|Any CPU = Release|Any CPU
	EndGlobalSection
	GlobalSection(ProjectConfigurationPlatforms) = postSolution
		{BBBFA91E-0356-4EF3-8095-F39D5B654D42}.Debug|Any CPU.ActiveCfg = Debug|Any CPU
		{BBBFA91E-0356-4EF3-8095-F39D5B654D42}.Debug|Any CPU.Build.0 = Debug|Any CPU
		{BBBFA91E-0356-4EF3-8095-F39D5B654D42}.Release|Any CPU.ActiveCfg = Release|Any CPU
		{BBBFA91E-0356-4EF3-8095-F39D5B654D42}.Release|Any CPU.Build.0 = Release|Any CPU
		{DE859A44-EBD4-400E-82FB-1250672AA04B}.Debug|Any CPU.ActiveCfg = Debug|Any CPU
		{DE859A44-EBD4-400E-82FB-1250672AA04B}.Debug|Any CPU.Build.0 = Debug|Any CPU
		{DE859A44-EBD4-400E-82FB-1250672AA04B}.Release|Any CPU.ActiveCfg = Release|Any CPU
		{DE859A44-EBD4-400E-82FB-1250672AA04B}.Release|Any CPU.Build.0 = Release|Any CPU
		{4E4BB1B5-62F7-4F06-A33E-F0A2E30AB07E}.Debug|Any CPU.ActiveCfg = Debug|Any CPU
		{4E4BB1B5-62F7-4F06-A33E-F0A2E30AB07E}.Debug|Any CPU.Build.0 = Debug|Any CPU
		{4E4BB1B5-62F7-4F06-A33E-F0A2E30AB07E}.Release|Any CPU.ActiveCfg = Release|Any CPU
		{4E4BB1B5-62F7-4F06-A33E-F0A2E30AB07E}.Release|Any CPU.Build.0 = Release|Any CPU
		{62538E6C-7ECC-4EE4-880B-4E36EE19B7F9}.Debug|Any CPU.ActiveCfg = Debug|Any CPU
		{62538E6C-7ECC-4EE4-880B-4E36EE19B7F9}.Debug|Any CPU.Build.0 = Debug|Any CPU
		{62538E6C-7ECC-4EE4-880B-4E36EE19B7F9}.Release|Any CPU.ActiveCfg = Release|Any CPU
		{62538E6C-7ECC-4EE4-880B-4E36EE19B7F9}.Release|Any CPU.Build.0 = Release|Any CPU
		{3FFF1BAE-AC87-4F2B-B379-485D8A05C14B}.Debug|Any CPU.ActiveCfg = Debug|Any CPU
		{3FFF1BAE-AC87-4F2B-B379-485D8A05C14B}.Debug|Any CPU.Build.0 = Debug|Any CPU
		{3FFF1BAE-AC87-4F2B-B379-485D8A05C14B}.Release|Any CPU.ActiveCfg = Release|Any CPU
		{3FFF1BAE-AC87-4F2B-B379-485D8A05C14B}.Release|Any CPU.Build.0 = Release|Any CPU
		{2DF548E7-38F7-491A-95C0-EE6D41D9AB49}.Debug|Any CPU.ActiveCfg = Debug|Any CPU
		{2DF548E7-38F7-491A-95C0-EE6D41D9AB49}.Debug|Any CPU.Build.0 = Debug|Any CPU
		{2DF548E7-38F7-491A-95C0-EE6D41D9AB49}.Release|Any CPU.ActiveCfg = Release|Any CPU
		{2DF548E7-38F7-491A-95C0-EE6D41D9AB49}.Release|Any CPU.Build.0 = Release|Any CPU
		{09ACB20F-0997-44C0-BF1B-5B463B0ADCAF}.Debug|Any CPU.ActiveCfg = Debug|Any CPU
		{09ACB20F-0997-44C0-BF1B-5B463B0ADCAF}.Debug|Any CPU.Build.0 = Debug|Any CPU
		{09ACB20F-0997-44C0-BF1B-5B463B0ADCAF}.Release|Any CPU.ActiveCfg = Release|Any CPU
		{09ACB20F-0997-44C0-BF1B-5B463B0ADCAF}.Release|Any CPU.Build.0 = Release|Any CPU
		{6DF112C1-57DB-4C80-8303-0AF81C8C1CBF}.Debug|Any CPU.ActiveCfg = Debug|Any CPU
		{6DF112C1-57DB-4C80-8303-0AF81C8C1CBF}.Debug|Any CPU.Build.0 = Debug|Any CPU
		{6DF112C1-57DB-4C80-8303-0AF81C8C1CBF}.Release|Any CPU.ActiveCfg = Release|Any CPU
		{6DF112C1-57DB-4C80-8303-0AF81C8C1CBF}.Release|Any CPU.Build.0 = Release|Any CPU
		{A5303511-1B7F-4980-A96B-28EB649E5D09}.Debug|Any CPU.ActiveCfg = Debug|Any CPU
		{A5303511-1B7F-4980-A96B-28EB649E5D09}.Debug|Any CPU.Build.0 = Debug|Any CPU
		{A5303511-1B7F-4980-A96B-28EB649E5D09}.Release|Any CPU.ActiveCfg = Release|Any CPU
		{A5303511-1B7F-4980-A96B-28EB649E5D09}.Release|Any CPU.Build.0 = Release|Any CPU
		{922C436C-F9DF-467D-B7B8-369FDCA0609C}.Debug|Any CPU.ActiveCfg = Debug|Any CPU
		{922C436C-F9DF-467D-B7B8-369FDCA0609C}.Debug|Any CPU.Build.0 = Debug|Any CPU
		{922C436C-F9DF-467D-B7B8-369FDCA0609C}.Release|Any CPU.ActiveCfg = Release|Any CPU
		{922C436C-F9DF-467D-B7B8-369FDCA0609C}.Release|Any CPU.Build.0 = Release|Any CPU
		{A1BB87DE-125C-4D0F-88B2-D4D381955B6B}.Debug|Any CPU.ActiveCfg = Debug|Any CPU
		{A1BB87DE-125C-4D0F-88B2-D4D381955B6B}.Debug|Any CPU.Build.0 = Debug|Any CPU
		{A1BB87DE-125C-4D0F-88B2-D4D381955B6B}.Release|Any CPU.ActiveCfg = Release|Any CPU
		{A1BB87DE-125C-4D0F-88B2-D4D381955B6B}.Release|Any CPU.Build.0 = Release|Any CPU
	EndGlobalSection
	GlobalSection(SolutionProperties) = preSolution
		HideSolutionNode = FALSE
	EndGlobalSection
	GlobalSection(ExtensibilityGlobals) = postSolution
		SolutionGuid = {280CACBD-2E39-4EFB-A931-EF1C094F8BA9}
	EndGlobalSection
EndGlobal
