
Microsoft Visual Studio Solution File, Format Version 12.00
# Visual Studio Version 16
VisualStudioVersion = 16.0.29613.14
MinimumVisualStudioVersion = 10.0.40219.1
Project("{FAE04EC0-301F-11D3-BF4B-00C04F79EFBC}") = "1-PrimeiroProjeto", "1-PrimeiroProjeto\1-PrimeiroProjeto.csproj", "{BBBFA91E-0356-4EF3-8095-F39D5B654D42}"
EndProject
Project("{FAE04EC0-301F-11D3-BF4B-00C04F79EFBC}") = "2-CriandoVariaveis", "2-CriandoVariaveis\2-CriandoVariaveis.csproj", "{DE859A44-EBD4-400E-82FB-1250672AA04B}"
EndProject
Project("{FAE04EC0-301F-11D3-BF4B-00C04F79EFBC}") = "3-CriandoVariaveisPontoFlutuante", "3-CriandoVariaveisPontoFlutuante\3-CriandoVariaveisPontoFlutuante.csproj", "{4E4BB1B5-62F7-4F06-A33E-F0A2E30AB07E}"
EndProject
Global
	GlobalSection(SolutionConfigurationPlatforms) = preSolution
		Debug|Any CPU = Debug|Any CPU
		Release|Any CPU = Release|Any CPU
	EndGlobalSection
	GlobalSection(ProjectConfigurationPlatforms) = postSolution
		{BBBFA91E-0356-4EF3-8095-F39D5B654D42}.Debug|Any CPU.ActiveCfg = Debug|Any CPU
		{BBBFA91E-0356-4EF3-8095-F39D5B654D42}.Debug|Any CPU.Build.0 = Debug|Any CPU
		{BBBFA91E-0356-4EF3-8095-F39D5B654D42}.Release|Any CPU.ActiveCfg = Release|Any CPU
		{BBBFA91E-0356-4EF3-8095-F39D5B654D42}.Release|Any CPU.Build.0 = Release|Any CPU
		{DE859A44-EBD4-400E-82FB-1250672AA04B}.Debug|Any CPU.ActiveCfg = Debug|Any CPU
		{DE859A44-EBD4-400E-82FB-1250672AA04B}.Debug|Any CPU.Build.0 = Debug|Any CPU
		{DE859A44-EBD4-400E-82FB-1250672AA04B}.Release|Any CPU.ActiveCfg = Release|Any CPU
		{DE859A44-EBD4-400E-82FB-1250672AA04B}.Release|Any CPU.Build.0 = Release|Any CPU
		{4E4BB1B5-62F7-4F06-A33E-F0A2E30AB07E}.Debug|Any CPU.ActiveCfg = Debug|Any CPU
		{4E4BB1B5-62F7-4F06-A33E-F0A2E30AB07E}.Debug|Any CPU.Build.0 = Debug|Any CPU
		{4E4BB1B5-62F7-4F06-A33E-F0A2E30AB07E}.Release|Any CPU.ActiveCfg = Release|Any CPU
		{4E4BB1B5-62F7-4F06-A33E-F0A2E30AB07E}.Release|Any CPU.Build.0 = Release|Any CPU
	EndGlobalSection
	GlobalSection(SolutionProperties) = preSolution
		HideSolutionNode = FALSE
	EndGlobalSection
	GlobalSection(ExtensibilityGlobals) = postSolution
		SolutionGuid = {280CACBD-2E39-4EFB-A931-EF1C094F8BA9}
	EndGlobalSection
EndGlobal
